
Microsoft Visual Studio Solution File, Format Version 12.00
# Visual Studio 14
VisualStudioVersion = 14.0.23107.0
MinimumVisualStudioVersion = 10.0.40219.1
Project("{2150E333-8FDC-42A3-9474-1A3956D46DE8}") = "30 AOP", "30 AOP", "{2D196324-B2B2-4CC5-8C12-5465533F2F2E}"
EndProject
Project("{FAE04EC0-301F-11D3-BF4B-00C04F79EFBC}") = "Haep.AOP.Caching", "Haep.AOP.Caching\Haep.AOP.Caching.csproj", "{4157F46A-3492-461C-9440-82AF3E5467DF}"
EndProject
Project("{FAE04EC0-301F-11D3-BF4B-00C04F79EFBC}") = "Haep.AOP.Caching.Implement", "Haep.AOP.Caching.Implement\Haep.AOP.Caching.Implement.csproj", "{C9329D71-15AA-4145-B4C0-AEF4D6A49109}"
EndProject
Project("{FAE04EC0-301F-11D3-BF4B-00C04F79EFBC}") = "Haep.AOP.Logging", "Haep.AOP.Logging\Haep.AOP.Logging.csproj", "{9998B8BB-F17B-42FC-8599-B4D653D5F7AE}"
EndProject
Project("{FAE04EC0-301F-11D3-BF4B-00C04F79EFBC}") = "Haep.AOP.Logging.Implement", "Haep.AOP.Logging.Implement\Haep.AOP.Logging.Implement.csproj", "{E241B226-BBD6-4648-B7E8-15BBBD625BBE}"
EndProject
Project("{2150E333-8FDC-42A3-9474-1A3956D46DE8}") = "10 DebugTools", "10 DebugTools", "{4EB015A6-55BB-4B45-8401-78E6BBC23C33}"
EndProject
Project("{FAE04EC0-301F-11D3-BF4B-00C04F79EFBC}") = "Haep.AOP.ErrorHanding", "Haep.AOP.ErrorHanding\Haep.AOP.ErrorHanding.csproj", "{98589B69-ADBD-4798-B85B-0A4C6E5A6278}"
EndProject
Project("{FAE04EC0-301F-11D3-BF4B-00C04F79EFBC}") = "Haep.AOP.ErrorHanding.Implement", "Haep.AOP.ErrorHanding.Implement\Haep.AOP.ErrorHanding.Implement.csproj", "{EFC1401F-86F4-40A8-9DCF-AD02ADD29EE8}"
EndProject
Project("{2150E333-8FDC-42A3-9474-1A3956D46DE8}") = "40 Src", "40 Src", "{6A2516E9-B7DA-492E-B7DC-C130FAEAF440}"
EndProject
Project("{2150E333-8FDC-42A3-9474-1A3956D46DE8}") = "2 View", "2 View", "{5B3A19E7-2FA9-4EFD-8806-D43AA0115C3A}"
EndProject
Project("{2150E333-8FDC-42A3-9474-1A3956D46DE8}") = "3 Controller", "3 Controller", "{4887A5FE-A5D4-47F9-98C4-349EB1B05C8C}"
EndProject
Project("{2150E333-8FDC-42A3-9474-1A3956D46DE8}") = "1 Model", "1 Model", "{A2D4255E-48C6-456D-A446-F4B741D6ECCC}"
EndProject
Project("{2150E333-8FDC-42A3-9474-1A3956D46DE8}") = "4 Service", "4 Service", "{973E39C0-C69A-476C-A55F-E8A1332E297E}"
EndProject
Project("{2150E333-8FDC-42A3-9474-1A3956D46DE8}") = "5 DAL", "5 DAL", "{97CA6DC1-C04A-4952-A6FE-3323CB21A856}"
EndProject
Project("{2150E333-8FDC-42A3-9474-1A3956D46DE8}") = "50 API", "50 API", "{A01CC3B2-AC18-4F5D-918F-38C7E2CEB959}"
EndProject
Project("{2150E333-8FDC-42A3-9474-1A3956D46DE8}") = "60 Build", "60 Build", "{25492736-FBAC-46FA-B6F2-F7DC59C58F98}"
EndProject
Project("{2150E333-8FDC-42A3-9474-1A3956D46DE8}") = "70 Other", "70 Other", "{D6DFD292-AA5E-46AC-AC7F-AAEB6A3C9CDE}"
EndProject
Project("{FAE04EC0-301F-11D3-BF4B-00C04F79EFBC}") = "Haep.AutofacTest", "Haep.AutofacTest\Haep.AutofacTest.csproj", "{39F00C06-DAEB-4048-B855-17420246AFFF}"
EndProject
Project("{FAE04EC0-301F-11D3-BF4B-00C04F79EFBC}") = "Haep.AutofacTest.UnitTest", "Haep.AutofacTest.UnitTest\Haep.AutofacTest.UnitTest.csproj", "{1589653E-54C5-4E6B-A63B-F882192DD144}"
EndProject
Project("{FAE04EC0-301F-11D3-BF4B-00C04F79EFBC}") = "Stub", "Stub\Stub.csproj", "{E46E6E88-3AE0-4091-88EA-F484565E1A9C}"
EndProject
Project("{FAE04EC0-301F-11D3-BF4B-00C04F79EFBC}") = "Haep.AOP.Logging.Implement.UnitTest", "Haep.AOP.Logging.Implement.UnitTest\Haep.AOP.Logging.Implement.UnitTest.csproj", "{E8A54C97-FB26-4D4D-A112-4E7F2BC12C8D}"
EndProject
Project("{FAE04EC0-301F-11D3-BF4B-00C04F79EFBC}") = "Haep.AOP.ErrorHanding.Implement.UnitTest", "Haep.AOP.ErrorHanding.Implement.UnitTest\Haep.AOP.ErrorHanding.Implement.UnitTest.csproj", "{EA1638AF-5D77-415B-9CC1-93D57B991ACC}"
EndProject
Project("{FAE04EC0-301F-11D3-BF4B-00C04F79EFBC}") = "Haep.AOP.Caching.Implement.UnitTest", "Haep.AOP.Caching.Implement.UnitTest\Haep.AOP.Caching.Implement.UnitTest.csproj", "{8E1608C9-FF15-4605-BE38-8E150B1F87E4}"
EndProject
Project("{2150E333-8FDC-42A3-9474-1A3956D46DE8}") = "20 Core", "20 Core", "{7519A9EE-2268-4535-AEC0-BD2324B3EA61}"
EndProject
Project("{FAE04EC0-301F-11D3-BF4B-00C04F79EFBC}") = "Haep.Core", "Haep.Core\Haep.Core.csproj", "{EE5DE8A3-83F2-44BD-B3F7-51626B069D98}"
EndProject
Global
	GlobalSection(SolutionConfigurationPlatforms) = preSolution
		Debug|Any CPU = Debug|Any CPU
		Release|Any CPU = Release|Any CPU
	EndGlobalSection
	GlobalSection(ProjectConfigurationPlatforms) = postSolution
		{4157F46A-3492-461C-9440-82AF3E5467DF}.Debug|Any CPU.ActiveCfg = Debug|Any CPU
		{4157F46A-3492-461C-9440-82AF3E5467DF}.Debug|Any CPU.Build.0 = Debug|Any CPU
		{4157F46A-3492-461C-9440-82AF3E5467DF}.Release|Any CPU.ActiveCfg = Release|Any CPU
		{4157F46A-3492-461C-9440-82AF3E5467DF}.Release|Any CPU.Build.0 = Release|Any CPU
		{C9329D71-15AA-4145-B4C0-AEF4D6A49109}.Debug|Any CPU.ActiveCfg = Debug|Any CPU
		{C9329D71-15AA-4145-B4C0-AEF4D6A49109}.Debug|Any CPU.Build.0 = Debug|Any CPU
		{C9329D71-15AA-4145-B4C0-AEF4D6A49109}.Release|Any CPU.ActiveCfg = Release|Any CPU
		{C9329D71-15AA-4145-B4C0-AEF4D6A49109}.Release|Any CPU.Build.0 = Release|Any CPU
		{9998B8BB-F17B-42FC-8599-B4D653D5F7AE}.Debug|Any CPU.ActiveCfg = Debug|Any CPU
		{9998B8BB-F17B-42FC-8599-B4D653D5F7AE}.Debug|Any CPU.Build.0 = Debug|Any CPU
		{9998B8BB-F17B-42FC-8599-B4D653D5F7AE}.Release|Any CPU.ActiveCfg = Release|Any CPU
		{9998B8BB-F17B-42FC-8599-B4D653D5F7AE}.Release|Any CPU.Build.0 = Release|Any CPU
		{E241B226-BBD6-4648-B7E8-15BBBD625BBE}.Debug|Any CPU.ActiveCfg = Debug|Any CPU
		{E241B226-BBD6-4648-B7E8-15BBBD625BBE}.Debug|Any CPU.Build.0 = Debug|Any CPU
		{E241B226-BBD6-4648-B7E8-15BBBD625BBE}.Release|Any CPU.ActiveCfg = Release|Any CPU
		{E241B226-BBD6-4648-B7E8-15BBBD625BBE}.Release|Any CPU.Build.0 = Release|Any CPU
		{98589B69-ADBD-4798-B85B-0A4C6E5A6278}.Debug|Any CPU.ActiveCfg = Debug|Any CPU
		{98589B69-ADBD-4798-B85B-0A4C6E5A6278}.Debug|Any CPU.Build.0 = Debug|Any CPU
		{98589B69-ADBD-4798-B85B-0A4C6E5A6278}.Release|Any CPU.ActiveCfg = Release|Any CPU
		{98589B69-ADBD-4798-B85B-0A4C6E5A6278}.Release|Any CPU.Build.0 = Release|Any CPU
		{EFC1401F-86F4-40A8-9DCF-AD02ADD29EE8}.Debug|Any CPU.ActiveCfg = Debug|Any CPU
		{EFC1401F-86F4-40A8-9DCF-AD02ADD29EE8}.Debug|Any CPU.Build.0 = Debug|Any CPU
		{EFC1401F-86F4-40A8-9DCF-AD02ADD29EE8}.Release|Any CPU.ActiveCfg = Release|Any CPU
		{EFC1401F-86F4-40A8-9DCF-AD02ADD29EE8}.Release|Any CPU.Build.0 = Release|Any CPU
		{39F00C06-DAEB-4048-B855-17420246AFFF}.Debug|Any CPU.ActiveCfg = Debug|Any CPU
		{39F00C06-DAEB-4048-B855-17420246AFFF}.Debug|Any CPU.Build.0 = Debug|Any CPU
		{39F00C06-DAEB-4048-B855-17420246AFFF}.Release|Any CPU.ActiveCfg = Release|Any CPU
		{39F00C06-DAEB-4048-B855-17420246AFFF}.Release|Any CPU.Build.0 = Release|Any CPU
		{1589653E-54C5-4E6B-A63B-F882192DD144}.Debug|Any CPU.ActiveCfg = Debug|Any CPU
		{1589653E-54C5-4E6B-A63B-F882192DD144}.Debug|Any CPU.Build.0 = Debug|Any CPU
		{1589653E-54C5-4E6B-A63B-F882192DD144}.Release|Any CPU.ActiveCfg = Release|Any CPU
		{1589653E-54C5-4E6B-A63B-F882192DD144}.Release|Any CPU.Build.0 = Release|Any CPU
		{E46E6E88-3AE0-4091-88EA-F484565E1A9C}.Debug|Any CPU.ActiveCfg = Debug|Any CPU
		{E46E6E88-3AE0-4091-88EA-F484565E1A9C}.Debug|Any CPU.Build.0 = Debug|Any CPU
		{E46E6E88-3AE0-4091-88EA-F484565E1A9C}.Release|Any CPU.ActiveCfg = Release|Any CPU
		{E46E6E88-3AE0-4091-88EA-F484565E1A9C}.Release|Any CPU.Build.0 = Release|Any CPU
		{E8A54C97-FB26-4D4D-A112-4E7F2BC12C8D}.Debug|Any CPU.ActiveCfg = Debug|Any CPU
		{E8A54C97-FB26-4D4D-A112-4E7F2BC12C8D}.Debug|Any CPU.Build.0 = Debug|Any CPU
		{E8A54C97-FB26-4D4D-A112-4E7F2BC12C8D}.Release|Any CPU.ActiveCfg = Release|Any CPU
		{E8A54C97-FB26-4D4D-A112-4E7F2BC12C8D}.Release|Any CPU.Build.0 = Release|Any CPU
		{EA1638AF-5D77-415B-9CC1-93D57B991ACC}.Debug|Any CPU.ActiveCfg = Debug|Any CPU
		{EA1638AF-5D77-415B-9CC1-93D57B991ACC}.Debug|Any CPU.Build.0 = Debug|Any CPU
		{EA1638AF-5D77-415B-9CC1-93D57B991ACC}.Release|Any CPU.ActiveCfg = Release|Any CPU
		{EA1638AF-5D77-415B-9CC1-93D57B991ACC}.Release|Any CPU.Build.0 = Release|Any CPU
		{8E1608C9-FF15-4605-BE38-8E150B1F87E4}.Debug|Any CPU.ActiveCfg = Debug|Any CPU
		{8E1608C9-FF15-4605-BE38-8E150B1F87E4}.Debug|Any CPU.Build.0 = Debug|Any CPU
		{8E1608C9-FF15-4605-BE38-8E150B1F87E4}.Release|Any CPU.ActiveCfg = Release|Any CPU
		{8E1608C9-FF15-4605-BE38-8E150B1F87E4}.Release|Any CPU.Build.0 = Release|Any CPU
		{EE5DE8A3-83F2-44BD-B3F7-51626B069D98}.Debug|Any CPU.ActiveCfg = Debug|Any CPU
		{EE5DE8A3-83F2-44BD-B3F7-51626B069D98}.Debug|Any CPU.Build.0 = Debug|Any CPU
		{EE5DE8A3-83F2-44BD-B3F7-51626B069D98}.Release|Any CPU.ActiveCfg = Release|Any CPU
		{EE5DE8A3-83F2-44BD-B3F7-51626B069D98}.Release|Any CPU.Build.0 = Release|Any CPU
	EndGlobalSection
	GlobalSection(SolutionProperties) = preSolution
		HideSolutionNode = FALSE
	EndGlobalSection
	GlobalSection(NestedProjects) = preSolution
		{4157F46A-3492-461C-9440-82AF3E5467DF} = {2D196324-B2B2-4CC5-8C12-5465533F2F2E}
		{C9329D71-15AA-4145-B4C0-AEF4D6A49109} = {2D196324-B2B2-4CC5-8C12-5465533F2F2E}
		{9998B8BB-F17B-42FC-8599-B4D653D5F7AE} = {2D196324-B2B2-4CC5-8C12-5465533F2F2E}
		{E241B226-BBD6-4648-B7E8-15BBBD625BBE} = {2D196324-B2B2-4CC5-8C12-5465533F2F2E}
		{98589B69-ADBD-4798-B85B-0A4C6E5A6278} = {2D196324-B2B2-4CC5-8C12-5465533F2F2E}
		{EFC1401F-86F4-40A8-9DCF-AD02ADD29EE8} = {2D196324-B2B2-4CC5-8C12-5465533F2F2E}
		{5B3A19E7-2FA9-4EFD-8806-D43AA0115C3A} = {6A2516E9-B7DA-492E-B7DC-C130FAEAF440}
		{4887A5FE-A5D4-47F9-98C4-349EB1B05C8C} = {6A2516E9-B7DA-492E-B7DC-C130FAEAF440}
		{A2D4255E-48C6-456D-A446-F4B741D6ECCC} = {6A2516E9-B7DA-492E-B7DC-C130FAEAF440}
		{973E39C0-C69A-476C-A55F-E8A1332E297E} = {6A2516E9-B7DA-492E-B7DC-C130FAEAF440}
		{97CA6DC1-C04A-4952-A6FE-3323CB21A856} = {6A2516E9-B7DA-492E-B7DC-C130FAEAF440}
		{39F00C06-DAEB-4048-B855-17420246AFFF} = {D6DFD292-AA5E-46AC-AC7F-AAEB6A3C9CDE}
		{1589653E-54C5-4E6B-A63B-F882192DD144} = {D6DFD292-AA5E-46AC-AC7F-AAEB6A3C9CDE}
		{E46E6E88-3AE0-4091-88EA-F484565E1A9C} = {4EB015A6-55BB-4B45-8401-78E6BBC23C33}
		{E8A54C97-FB26-4D4D-A112-4E7F2BC12C8D} = {2D196324-B2B2-4CC5-8C12-5465533F2F2E}
		{EA1638AF-5D77-415B-9CC1-93D57B991ACC} = {2D196324-B2B2-4CC5-8C12-5465533F2F2E}
		{8E1608C9-FF15-4605-BE38-8E150B1F87E4} = {2D196324-B2B2-4CC5-8C12-5465533F2F2E}
		{EE5DE8A3-83F2-44BD-B3F7-51626B069D98} = {7519A9EE-2268-4535-AEC0-BD2324B3EA61}
	EndGlobalSection
EndGlobal
